# This file is automatically @generated by Cargo.
# It is not intended for manual editing.
version = 4

[[package]]
name = "macron"
version = "0.1.0"
source = "registry+https://github.com/rust-lang/crates.io-index"
checksum = "eb96da8cfd990e455dd9c5796b24a4c115f4043a7d1d7d0f7b89ac13af9def30"
dependencies = [
 "macron-impl-display",
 "macron-impl-error",
 "macron-impl-from",
 "macron-impl-into",
 "macron-map",
 "macron-str",
]

[[package]]
name = "macron-impl-display"
version = "0.1.0"
source = "registry+https://github.com/rust-lang/crates.io-index"
checksum = "6d86650013dc071a36a69508e1851e16fad1c9244094084e366f646203d7ca97"
dependencies = [
 "proc-macro2",
 "quote",
 "syn",
]

[[package]]
name = "macron-impl-error"
version = "0.1.0"
source = "registry+https://github.com/rust-lang/crates.io-index"
checksum = "0a2835eaa562236559171e07979b4bb9a465b1bd633a073d1c773c68c1cb9953"
dependencies = [
 "quote",
 "syn",
]

[[package]]
name = "macron-impl-from"
version = "0.1.0"
source = "registry+https://github.com/rust-lang/crates.io-index"
checksum = "1e7d181b3b5cce10f8a5502229794ada989f81744bba43ce7c92541cbb17ca22"
dependencies = [
 "proc-macro2",
 "quote",
 "syn",
]

[[package]]
name = "macron-impl-into"
version = "0.1.0"
source = "registry+https://github.com/rust-lang/crates.io-index"
checksum = "a7abc3d0727c6ed2c767cc865430f4e9c4d341cb576591f7fef09a28ae0d9aa8"
dependencies = [
 "proc-macro2",
 "quote",
 "syn",
]

[[package]]
name = "macron-map"
version = "0.1.0"
source = "registry+https://github.com/rust-lang/crates.io-index"
checksum = "fbc4513d092228164c8aa7c2a84ff7b642330e45103605bb8d2b0e97e3e6ac15"
dependencies = [
 "quote",
 "syn",
]

[[package]]
name = "macron-regex"
version = "0.1.0"
dependencies = [
 "macron",
]

[[package]]
name = "macron-str"
version = "0.1.0"
source = "registry+https://github.com/rust-lang/crates.io-index"
checksum = "04c5924413df20bc05e9c9b624f855681b7a83388457d8727f4c8b51a17a614e"
dependencies = [
 "quote",
 "syn",
]

[[package]]
name = "proc-macro2"
version = "1.0.95"
source = "registry+https://github.com/rust-lang/crates.io-index"
checksum = "02b3e5e68a3a1a02aad3ec490a98007cbc13c37cbe84a3cd7b8e406d76e7f778"
dependencies = [
 "unicode-ident",
]

[[package]]
name = "quote"
version = "1.0.40"
source = "registry+https://github.com/rust-lang/crates.io-index"
checksum = "1885c039570dc00dcb4ff087a89e185fd56bae234ddc7f056a945bf36467248d"
dependencies = [
 "proc-macro2",
]

[[package]]
name = "syn"
version = "2.0.101"
source = "registry+https://github.com/rust-lang/crates.io-index"
checksum = "8ce2b7fc941b3a24138a0a7cf8e858bfc6a992e7978a068a5c760deb0ed43caf"
dependencies = [
 "proc-macro2",
 "quote",
 "unicode-ident",
]

[[package]]
name = "unicode-ident"
version = "1.0.18"
source = "registry+https://github.com/rust-lang/crates.io-index"
checksum = "5a5f39404a5da50712a4c1eecf25e90dd62b613502b7e925fd4e4d19b5c96512"
